
Microsoft Visual Studio Solution File, Format Version 12.00
# Visual Studio Version 17
VisualStudioVersion = 17.14.36429.23
MinimumVisualStudioVersion = 10.0.40219.1
Project("{FAE04EC0-301F-11D3-BF4B-00C04F79EFBC}") = "Ejercicio1", "Temas1-3\Ejercicio1.csproj", "{48F6B194-FCDE-4634-A882-67B30D2FA318}"
EndProject
Project("{FAE04EC0-301F-11D3-BF4B-00C04F79EFBC}") = "Ejercicio2", "Ejercicio2\Ejercicio2.csproj", "{49804F31-AD3C-415C-B11C-45CCE0B9E442}"
EndProject
Project("{FAE04EC0-301F-11D3-BF4B-00C04F79EFBC}") = "Ejercicio3", "Ejercicio3\Ejercicio3.csproj", "{F829DA6E-5140-4E90-B3FC-7E65BEA14C67}"
EndProject
Project("{FAE04EC0-301F-11D3-BF4B-00C04F79EFBC}") = "Ejercicio4", "Ejercicio4\Ejercicio4.csproj", "{A1874F9F-4E88-4382-8143-08FAD758CC54}"
EndProject
Project("{FAE04EC0-301F-11D3-BF4B-00C04F79EFBC}") = "Ejercicio5", "Ejercicio5\Ejercicio5.csproj", "{4236C0C2-E3BE-4876-A918-5DD0CC41B450}"
EndProject
Project("{FAE04EC0-301F-11D3-BF4B-00C04F79EFBC}") = "Ejercicio6", "Ejercicio6\Ejercicio6.csproj", "{92F63176-2A33-41BA-8003-8EB18DC41444}"
EndProject
Project("{FAE04EC0-301F-11D3-BF4B-00C04F79EFBC}") = "Ejercicio7", "Ejercicio7\Ejercicio7.csproj", "{623F0A92-F0F8-4CD4-A344-78D95EF4E42D}"
EndProject
Project("{FAE04EC0-301F-11D3-BF4B-00C04F79EFBC}") = "Ejercicio9", "ejercicio9\Ejercicio9.csproj", "{D6EEDCED-C17E-4F07-824C-F2C006EF5625}"
EndProject
Project("{FAE04EC0-301F-11D3-BF4B-00C04F79EFBC}") = "Ejercicio10", "Ejercicio10\Ejercicio10.csproj", "{F4683A74-8F36-498A-B747-8C5125AF7334}"
EndProject
Global
	GlobalSection(SolutionConfigurationPlatforms) = preSolution
		Debug|Any CPU = Debug|Any CPU
		Release|Any CPU = Release|Any CPU
	EndGlobalSection
	GlobalSection(ProjectConfigurationPlatforms) = postSolution
		{48F6B194-FCDE-4634-A882-67B30D2FA318}.Debug|Any CPU.ActiveCfg = Debug|Any CPU
		{48F6B194-FCDE-4634-A882-67B30D2FA318}.Debug|Any CPU.Build.0 = Debug|Any CPU
		{48F6B194-FCDE-4634-A882-67B30D2FA318}.Release|Any CPU.ActiveCfg = Release|Any CPU
		{48F6B194-FCDE-4634-A882-67B30D2FA318}.Release|Any CPU.Build.0 = Release|Any CPU
		{49804F31-AD3C-415C-B11C-45CCE0B9E442}.Debug|Any CPU.ActiveCfg = Debug|Any CPU
		{49804F31-AD3C-415C-B11C-45CCE0B9E442}.Debug|Any CPU.Build.0 = Debug|Any CPU
		{49804F31-AD3C-415C-B11C-45CCE0B9E442}.Release|Any CPU.ActiveCfg = Release|Any CPU
		{49804F31-AD3C-415C-B11C-45CCE0B9E442}.Release|Any CPU.Build.0 = Release|Any CPU
		{F829DA6E-5140-4E90-B3FC-7E65BEA14C67}.Debug|Any CPU.ActiveCfg = Debug|Any CPU
		{F829DA6E-5140-4E90-B3FC-7E65BEA14C67}.Debug|Any CPU.Build.0 = Debug|Any CPU
		{F829DA6E-5140-4E90-B3FC-7E65BEA14C67}.Release|Any CPU.ActiveCfg = Release|Any CPU
		{F829DA6E-5140-4E90-B3FC-7E65BEA14C67}.Release|Any CPU.Build.0 = Release|Any CPU
		{A1874F9F-4E88-4382-8143-08FAD758CC54}.Debug|Any CPU.ActiveCfg = Debug|Any CPU
		{A1874F9F-4E88-4382-8143-08FAD758CC54}.Debug|Any CPU.Build.0 = Debug|Any CPU
		{A1874F9F-4E88-4382-8143-08FAD758CC54}.Release|Any CPU.ActiveCfg = Release|Any CPU
		{A1874F9F-4E88-4382-8143-08FAD758CC54}.Release|Any CPU.Build.0 = Release|Any CPU
		{4236C0C2-E3BE-4876-A918-5DD0CC41B450}.Debug|Any CPU.ActiveCfg = Debug|Any CPU
		{4236C0C2-E3BE-4876-A918-5DD0CC41B450}.Debug|Any CPU.Build.0 = Debug|Any CPU
		{4236C0C2-E3BE-4876-A918-5DD0CC41B450}.Release|Any CPU.ActiveCfg = Release|Any CPU
		{4236C0C2-E3BE-4876-A918-5DD0CC41B450}.Release|Any CPU.Build.0 = Release|Any CPU
		{92F63176-2A33-41BA-8003-8EB18DC41444}.Debug|Any CPU.ActiveCfg = Debug|Any CPU
		{92F63176-2A33-41BA-8003-8EB18DC41444}.Debug|Any CPU.Build.0 = Debug|Any CPU
		{92F63176-2A33-41BA-8003-8EB18DC41444}.Release|Any CPU.ActiveCfg = Release|Any CPU
		{92F63176-2A33-41BA-8003-8EB18DC41444}.Release|Any CPU.Build.0 = Release|Any CPU
		{623F0A92-F0F8-4CD4-A344-78D95EF4E42D}.Debug|Any CPU.ActiveCfg = Debug|Any CPU
		{623F0A92-F0F8-4CD4-A344-78D95EF4E42D}.Debug|Any CPU.Build.0 = Debug|Any CPU
		{623F0A92-F0F8-4CD4-A344-78D95EF4E42D}.Release|Any CPU.ActiveCfg = Release|Any CPU
		{623F0A92-F0F8-4CD4-A344-78D95EF4E42D}.Release|Any CPU.Build.0 = Release|Any CPU
		{D6EEDCED-C17E-4F07-824C-F2C006EF5625}.Debug|Any CPU.ActiveCfg = Debug|Any CPU
		{D6EEDCED-C17E-4F07-824C-F2C006EF5625}.Debug|Any CPU.Build.0 = Debug|Any CPU
		{D6EEDCED-C17E-4F07-824C-F2C006EF5625}.Release|Any CPU.ActiveCfg = Release|Any CPU
		{D6EEDCED-C17E-4F07-824C-F2C006EF5625}.Release|Any CPU.Build.0 = Release|Any CPU
		{F4683A74-8F36-498A-B747-8C5125AF7334}.Debug|Any CPU.ActiveCfg = Debug|Any CPU
		{F4683A74-8F36-498A-B747-8C5125AF7334}.Debug|Any CPU.Build.0 = Debug|Any CPU
		{F4683A74-8F36-498A-B747-8C5125AF7334}.Release|Any CPU.ActiveCfg = Release|Any CPU
		{F4683A74-8F36-498A-B747-8C5125AF7334}.Release|Any CPU.Build.0 = Release|Any CPU
	EndGlobalSection
	GlobalSection(SolutionProperties) = preSolution
		HideSolutionNode = FALSE
	EndGlobalSection
	GlobalSection(ExtensibilityGlobals) = postSolution
		SolutionGuid = {59AC227C-B8A0-4545-8D0D-6F4B02BD3FD3}
	EndGlobalSection
EndGlobal
